{
  "version": 4,
  "terraform_version": "1.6.3",
  "serial": 90,
  "lineage": "73a5e567-7251-2b7c-7d95-1b0084fb51c9",
  "outputs": {},
  "resources": [
    {
      "mode": "data",
      "type": "archive_file",
      "name": "lambda_zip",
      "provider": "provider[\"registry.terraform.io/hashicorp/archive\"]",
      "instances": [
        {
          "schema_version": 0,
          "attributes": {
            "exclude_symlink_directories": null,
            "excludes": null,
            "id": "373daae10ee27004628e464f48d16c31e91d4693",
            "output_base64sha256": "q6qaNr9OxAHa3ieATqzX68U0epuF4ZJ5fjLz8WoV7bI=",
            "output_base64sha512": "XSmngF3g1twvr6CVnZ/0tYPsUXiG/a71GFlb7YZZMU3R+iglcNg4xzlLNxOfgYLEDsqvmgF9QxSN6Wu9oq7mYQ==",
            "output_file_mode": null,
            "output_md5": "053b1e4b0c549ae7ac3ca49ad21a20db",
            "output_path": "./lambda/example.zip",
            "output_sha": "373daae10ee27004628e464f48d16c31e91d4693",
            "output_sha256": "abaa9a36bf4ec401dade27804eacd7ebc5347a9b85e192797e32f3f16a15edb2",
            "output_sha512": "5d29a7805de0d6dc2fafa0959d9ff4b583ec517886fdaef518595bed8659314dd1fa282570d838c7394b37139f8182c40ecaaf9a017d43148de96bbda2aee661",
            "output_size": 1430,
            "source": [],
            "source_content": null,
            "source_content_filename": null,
            "source_dir": null,
            "source_file": "./lambda/example.py",
            "type": "zip"
          },
          "sensitive_attributes": []
        }
      ]
    },
    {
      "mode": "data",
      "type": "aws_iam_policy_document",
      "name": "enriched_alerts_topic_policy",
      "provider": "provider[\"registry.terraform.io/hashicorp/aws\"]",
      "instances": [
        {
          "schema_version": 0,
          "attributes": {
            "id": "4197392381",
            "json": "{\n  \"Version\": \"2012-10-17\",\n  \"Statement\": [\n    {\n      \"Sid\": \"AllowedPublishers\",\n      \"Effect\": \"Allow\",\n      \"Action\": \"sns:Publish\",\n      \"Resource\": \"arn:aws:sns:eu-west-1:707186164241:anya-test-enriched-alerts-topic\",\n      \"Principal\": {\n        \"AWS\": \"*\"\n      }\n    },\n    {\n      \"Sid\": \"AllowedSubscribers\",\n      \"Effect\": \"Allow\",\n      \"Action\": \"sns:Subscribe\",\n      \"Resource\": \"arn:aws:sns:eu-west-1:707186164241:anya-test-enriched-alerts-topic\",\n      \"Principal\": {\n        \"AWS\": \"*\"\n      }\n    }\n  ]\n}",
            "override_policy_documents": null,
            "policy_id": null,
            "source_policy_documents": null,
            "statement": [
              {
                "actions": [
                  "sns:Publish"
                ],
                "condition": [],
                "effect": "Allow",
                "not_actions": [],
                "not_principals": [],
                "not_resources": [],
                "principals": [
                  {
                    "identifiers": [
                      "*"
                    ],
                    "type": "AWS"
                  }
                ],
                "resources": [
                  "arn:aws:sns:eu-west-1:707186164241:anya-test-enriched-alerts-topic"
                ],
                "sid": "AllowedPublishers"
              },
              {
                "actions": [
                  "sns:Subscribe"
                ],
                "condition": [],
                "effect": "Allow",
                "not_actions": [],
                "not_principals": [],
                "not_resources": [],
                "principals": [
                  {
                    "identifiers": [
                      "*"
                    ],
                    "type": "AWS"
                  }
                ],
                "resources": [
                  "arn:aws:sns:eu-west-1:707186164241:anya-test-enriched-alerts-topic"
                ],
                "sid": "AllowedSubscribers"
              }
            ],
            "version": "2012-10-17"
          },
          "sensitive_attributes": []
        }
      ]
    },
    {
      "mode": "managed",
      "type": "aws_iam_role",
      "name": "lambda_role",
      "provider": "provider[\"registry.terraform.io/hashicorp/aws\"]",
      "instances": [
        {
          "schema_version": 0,
          "attributes": {
            "arn": "arn:aws:iam::707186164241:role/anya-test-lambda-role",
            "assume_role_policy": "{\"Statement\":[{\"Action\":\"sts:AssumeRole\",\"Effect\":\"Allow\",\"Principal\":{\"Service\":\"lambda.amazonaws.com\"}}],\"Version\":\"2012-10-17\"}",
            "create_date": "2024-01-24T18:17:26Z",
            "description": "",
            "force_detach_policies": false,
            "id": "anya-test-lambda-role",
            "inline_policy": [
              {
                "name": "AllowSQSPermissions",
                "policy": "{\"Version\":\"2012-10-17\",\"Statement\":[{\"Action\":[\"sqs:ChangeMessageVisibility\",\"sqs:DeleteMessage\",\"sqs:GetQueueAttributes\",\"sqs:ReceiveMessage\"],\"Effect\":\"Allow\",\"Resource\":\"*\"}]}"
              },
              {
                "name": "AllowToReadFromCloudwatch",
                "policy": "{\"Version\":\"2012-10-17\",\"Statement\":[{\"Action\":[\"cloudwatch:DescribeAlarmsForMetric\",\"cloudwatch:DescribeAlarmHistory\",\"cloudwatch:DescribeAlarms\",\"cloudwatch:ListMetrics\",\"cloudwatch:GetMetricData\",\"cloudwatch:GetMetricStatistics\",\"cloudwatch:GetInsightRuleReport\"],\"Effect\":\"Allow\",\"Resource\":\"*\"}]}"
              },
              {
                "name": "AllowToWriteAndReadLogs",
                "policy": "{\"Version\":\"2012-10-17\",\"Statement\":[{\"Action\":[\"logs:CreateLogGroup\",\"logs:CreateLogStream\",\"logs:PutLogEvents\",\"logs:DescribeLogGroups\",\"logs:GetLogGroupFields\",\"logs:StartQuery\",\"logs:StopQuery\",\"logs:GetQueryResults\",\"logs:GetLogEvents\"],\"Effect\":\"Allow\",\"Resource\":\"*\"}]}"
              }
            ],
            "managed_policy_arns": [
              "arn:aws:iam::707186164241:policy/service-role/AWSLambdaSNSTopicDestinationExecutionRole-3efde204-69fa-42b4-adf4-0eb40f936162"
            ],
            "max_session_duration": 3600,
            "name": "anya-test-lambda-role",
            "name_prefix": "",
            "path": "/",
            "permissions_boundary": "",
            "tags": {},
            "tags_all": {},
            "unique_id": "AROA2JJ4UQIISKWMKBRFW"
          },
          "sensitive_attributes": [],
          "private": "bnVsbA=="
        }
      ]
    },
    {
      "mode": "managed",
      "type": "aws_iam_role_policy",
      "name": "lambda_role_cloudwatch_policy",
      "provider": "provider[\"registry.terraform.io/hashicorp/aws\"]",
      "instances": [
        {
          "schema_version": 0,
          "attributes": {
            "id": "anya-test-lambda-role:AllowToReadFromCloudwatch",
            "name": "AllowToReadFromCloudwatch",
            "name_prefix": "",
            "policy": "{\"Version\":\"2012-10-17\",\"Statement\":[{\"Action\":[\"cloudwatch:DescribeAlarmsForMetric\",\"cloudwatch:DescribeAlarmHistory\",\"cloudwatch:DescribeAlarms\",\"cloudwatch:ListMetrics\",\"cloudwatch:GetMetricData\",\"cloudwatch:GetMetricStatistics\",\"cloudwatch:GetInsightRuleReport\"],\"Effect\":\"Allow\",\"Resource\":\"*\"}]}",
            "role": "anya-test-lambda-role"
          },
          "sensitive_attributes": [],
          "private": "bnVsbA==",
          "dependencies": [
            "aws_iam_role.lambda_role"
          ]
        }
      ]
    },
    {
      "mode": "managed",
      "type": "aws_iam_role_policy",
      "name": "lambda_role_logs_policy",
      "provider": "provider[\"registry.terraform.io/hashicorp/aws\"]",
      "instances": [
        {
          "schema_version": 0,
          "attributes": {
            "id": "anya-test-lambda-role:AllowToWriteAndReadLogs",
            "name": "AllowToWriteAndReadLogs",
            "name_prefix": "",
            "policy": "{\"Version\":\"2012-10-17\",\"Statement\":[{\"Action\":[\"logs:CreateLogGroup\",\"logs:CreateLogStream\",\"logs:PutLogEvents\",\"logs:DescribeLogGroups\",\"logs:GetLogGroupFields\",\"logs:StartQuery\",\"logs:StopQuery\",\"logs:GetQueryResults\",\"logs:GetLogEvents\"],\"Effect\":\"Allow\",\"Resource\":\"*\"}]}",
            "role": "anya-test-lambda-role"
          },
          "sensitive_attributes": [],
          "private": "bnVsbA==",
          "dependencies": [
            "aws_iam_role.lambda_role"
          ]
        }
      ]
    },
    {
      "mode": "managed",
      "type": "aws_iam_role_policy",
      "name": "lambda_role_sqs_policy",
      "provider": "provider[\"registry.terraform.io/hashicorp/aws\"]",
      "instances": [
        {
          "schema_version": 0,
          "attributes": {
            "id": "anya-test-lambda-role:AllowSQSPermissions",
            "name": "AllowSQSPermissions",
            "name_prefix": "",
            "policy": "{\"Version\":\"2012-10-17\",\"Statement\":[{\"Action\":[\"sqs:ChangeMessageVisibility\",\"sqs:DeleteMessage\",\"sqs:GetQueueAttributes\",\"sqs:ReceiveMessage\"],\"Effect\":\"Allow\",\"Resource\":\"*\"}]}",
            "role": "anya-test-lambda-role"
          },
          "sensitive_attributes": [],
          "private": "bnVsbA==",
          "dependencies": [
            "aws_iam_role.lambda_role"
          ]
        }
      ]
    },
    {
      "mode": "managed",
      "type": "aws_lambda_function",
      "name": "results_updates_lambda",
      "provider": "provider[\"registry.terraform.io/hashicorp/aws\"]",
      "instances": [
        {
          "schema_version": 0,
          "attributes": {
            "architectures": [
              "x86_64"
            ],
            "arn": "arn:aws:lambda:eu-west-1:707186164241:function:enriched_alerts_lambda",
            "code_signing_config_arn": "",
            "dead_letter_config": [],
            "description": "",
            "environment": [],
            "ephemeral_storage": [
              {
                "size": 512
              }
            ],
            "file_system_config": [],
            "filename": "./lambda/example.zip",
            "function_name": "enriched_alerts_lambda",
            "handler": "example.lambda_handler",
            "id": "enriched_alerts_lambda",
            "image_config": [],
            "image_uri": "",
            "invoke_arn": "arn:aws:apigateway:eu-west-1:lambda:path/2015-03-31/functions/arn:aws:lambda:eu-west-1:707186164241:function:enriched_alerts_lambda/invocations",
            "kms_key_arn": "",
            "last_modified": "2024-01-26T01:19:28.000+0000",
            "layers": [],
            "logging_config": [
              {
                "application_log_level": "",
                "log_format": "Text",
                "log_group": "/aws/lambda/enriched_alerts_lambda",
                "system_log_level": ""
              }
            ],
            "memory_size": 128,
            "package_type": "Zip",
            "publish": false,
            "qualified_arn": "arn:aws:lambda:eu-west-1:707186164241:function:enriched_alerts_lambda:$LATEST",
            "qualified_invoke_arn": "arn:aws:apigateway:eu-west-1:lambda:path/2015-03-31/functions/arn:aws:lambda:eu-west-1:707186164241:function:enriched_alerts_lambda:$LATEST/invocations",
            "replace_security_groups_on_destroy": null,
            "replacement_security_group_ids": null,
            "reserved_concurrent_executions": -1,
            "role": "arn:aws:iam::707186164241:role/anya-test-lambda-role",
            "runtime": "python3.12",
            "s3_bucket": null,
            "s3_key": null,
            "s3_object_version": null,
            "signing_job_arn": "",
            "signing_profile_version_arn": "",
            "skip_destroy": false,
            "snap_start": [],
            "source_code_hash": "q6qaNr9OxAHa3ieATqzX68U0epuF4ZJ5fjLz8WoV7bI=",
            "source_code_size": 1430,
            "tags": {},
            "tags_all": {},
            "timeout": 60,
            "timeouts": null,
            "tracing_config": [
              {
                "mode": "PassThrough"
              }
            ],
            "version": "$LATEST",
            "vpc_config": []
          },
          "sensitive_attributes": [],
          "private": "eyJlMmJmYjczMC1lY2FhLTExZTYtOGY4OC0zNDM2M2JjN2M0YzAiOnsiY3JlYXRlIjo2MDAwMDAwMDAwMDAsImRlbGV0ZSI6NjAwMDAwMDAwMDAwLCJ1cGRhdGUiOjYwMDAwMDAwMDAwMH19",
          "dependencies": [
            "aws_iam_role.lambda_role",
            "data.archive_file.lambda_zip"
          ]
        }
      ]
    },
    {
      "mode": "managed",
      "type": "aws_sns_topic",
      "name": "enriched_alerts_topic",
      "provider": "provider[\"registry.terraform.io/hashicorp/aws\"]",
      "instances": [
        {
          "schema_version": 0,
          "attributes": {
            "application_failure_feedback_role_arn": "",
            "application_success_feedback_role_arn": "",
            "application_success_feedback_sample_rate": 0,
            "archive_policy": "",
            "arn": "arn:aws:sns:eu-west-1:707186164241:anya-test-enriched-alerts-topic",
            "beginning_archive_time": "",
            "content_based_deduplication": false,
            "delivery_policy": "",
            "display_name": "",
            "fifo_topic": false,
            "firehose_failure_feedback_role_arn": "",
            "firehose_success_feedback_role_arn": "",
            "firehose_success_feedback_sample_rate": 0,
            "http_failure_feedback_role_arn": "",
            "http_success_feedback_role_arn": "",
            "http_success_feedback_sample_rate": 0,
            "id": "arn:aws:sns:eu-west-1:707186164241:anya-test-enriched-alerts-topic",
            "kms_master_key_id": "",
            "lambda_failure_feedback_role_arn": "",
            "lambda_success_feedback_role_arn": "",
            "lambda_success_feedback_sample_rate": 0,
            "name": "anya-test-enriched-alerts-topic",
            "name_prefix": "",
            "owner": "707186164241",
            "policy": "{\"Statement\":[{\"Action\":\"sns:Publish\",\"Effect\":\"Allow\",\"Principal\":{\"AWS\":\"*\"},\"Resource\":\"arn:aws:sns:eu-west-1:707186164241:anya-test-enriched-alerts-topic\",\"Sid\":\"AllowedPublishers\"},{\"Action\":\"sns:Subscribe\",\"Effect\":\"Allow\",\"Principal\":{\"AWS\":\"*\"},\"Resource\":\"arn:aws:sns:eu-west-1:707186164241:anya-test-enriched-alerts-topic\",\"Sid\":\"AllowedSubscribers\"}],\"Version\":\"2012-10-17\"}",
            "signature_version": 0,
            "sqs_failure_feedback_role_arn": "",
            "sqs_success_feedback_role_arn": "",
            "sqs_success_feedback_sample_rate": 0,
            "tags": {},
            "tags_all": {},
            "tracing_config": ""
          },
          "sensitive_attributes": [],
          "private": "bnVsbA=="
        }
      ]
    },
    {
      "mode": "managed",
      "type": "aws_sns_topic_policy",
      "name": "enriched_alerts_topic_policy",
      "provider": "provider[\"registry.terraform.io/hashicorp/aws\"]",
      "instances": [
        {
          "schema_version": 0,
          "attributes": {
            "arn": "arn:aws:sns:eu-west-1:707186164241:anya-test-enriched-alerts-topic",
            "id": "arn:aws:sns:eu-west-1:707186164241:anya-test-enriched-alerts-topic",
            "owner": "707186164241",
            "policy": "{\"Statement\":[{\"Action\":\"sns:Publish\",\"Effect\":\"Allow\",\"Principal\":{\"AWS\":\"*\"},\"Resource\":\"arn:aws:sns:eu-west-1:707186164241:anya-test-enriched-alerts-topic\",\"Sid\":\"AllowedPublishers\"},{\"Action\":\"sns:Subscribe\",\"Effect\":\"Allow\",\"Principal\":{\"AWS\":\"*\"},\"Resource\":\"arn:aws:sns:eu-west-1:707186164241:anya-test-enriched-alerts-topic\",\"Sid\":\"AllowedSubscribers\"}],\"Version\":\"2012-10-17\"}"
          },
          "sensitive_attributes": [],
          "private": "bnVsbA==",
          "dependencies": [
            "aws_sns_topic.enriched_alerts_topic",
            "data.aws_iam_policy_document.enriched_alerts_topic_policy"
          ]
        }
      ]
    },
    {
      "mode": "managed",
      "type": "aws_sns_topic_subscription",
      "name": "test_alerts_sqs_target",
      "provider": "provider[\"registry.terraform.io/hashicorp/aws\"]",
      "instances": [
        {
          "schema_version": 0,
          "attributes": {
            "arn": "arn:aws:sns:eu-west-1:707186164241:cloudwatch-to-pagerduty-prod:cf7c7395-8ae6-4870-8990-79ceef0122f5",
            "confirmation_timeout_in_minutes": 1,
            "confirmation_was_authenticated": true,
            "delivery_policy": "",
            "endpoint": "arn:aws:sqs:eu-west-1:707186164241:anya-test-enriched-alerts-queue",
            "endpoint_auto_confirms": false,
            "filter_policy": "",
            "filter_policy_scope": "",
            "id": "arn:aws:sns:eu-west-1:707186164241:cloudwatch-to-pagerduty-prod:cf7c7395-8ae6-4870-8990-79ceef0122f5",
            "owner_id": "707186164241",
            "pending_confirmation": false,
            "protocol": "sqs",
            "raw_message_delivery": false,
            "redrive_policy": "",
            "replay_policy": "",
            "subscription_role_arn": "",
            "topic_arn": "arn:aws:sns:eu-west-1:707186164241:cloudwatch-to-pagerduty-prod"
          },
          "sensitive_attributes": [],
          "private": "bnVsbA==",
          "dependencies": [
            "aws_sqs_queue.enriched_alerts_queue"
          ]
        }
      ]
    },
    {
      "mode": "managed",
      "type": "aws_sqs_queue",
      "name": "enriched_alerts_dl_queue",
      "provider": "provider[\"registry.terraform.io/hashicorp/aws\"]",
      "instances": [
        {
          "schema_version": 0,
          "attributes": {
            "arn": "arn:aws:sqs:eu-west-1:707186164241:anya-test-enriched-alerts-queue-dead-letter",
            "content_based_deduplication": false,
            "deduplication_scope": "",
            "delay_seconds": 0,
            "fifo_queue": false,
            "fifo_throughput_limit": "",
            "id": "https://sqs.eu-west-1.amazonaws.com/707186164241/anya-test-enriched-alerts-queue-dead-letter",
            "kms_data_key_reuse_period_seconds": 300,
            "kms_master_key_id": "",
            "max_message_size": 262144,
            "message_retention_seconds": 345600,
            "name": "anya-test-enriched-alerts-queue-dead-letter",
            "name_prefix": "",
            "policy": "",
            "receive_wait_time_seconds": 0,
            "redrive_allow_policy": "{\"redrivePermission\":\"byQueue\",\"sourceQueueArns\":[\"arn:aws:sqs:eu-west-1:707186164241:anya-test-enriched-alerts-queue\"]}",
            "redrive_policy": "",
            "sqs_managed_sse_enabled": true,
            "tags": {},
            "tags_all": {},
            "url": "https://sqs.eu-west-1.amazonaws.com/707186164241/anya-test-enriched-alerts-queue-dead-letter",
            "visibility_timeout_seconds": 30
          },
          "sensitive_attributes": [],
          "private": "bnVsbA==",
          "dependencies": [
            "aws_sqs_queue.enriched_alerts_queue"
          ]
        }
      ]
    },
    {
      "mode": "managed",
      "type": "aws_sqs_queue",
      "name": "enriched_alerts_queue",
      "provider": "provider[\"registry.terraform.io/hashicorp/aws\"]",
      "instances": [
        {
          "schema_version": 0,
          "attributes": {
            "arn": "arn:aws:sqs:eu-west-1:707186164241:anya-test-enriched-alerts-queue",
            "content_based_deduplication": false,
            "deduplication_scope": "",
            "delay_seconds": 0,
            "fifo_queue": false,
            "fifo_throughput_limit": "",
            "id": "https://sqs.eu-west-1.amazonaws.com/707186164241/anya-test-enriched-alerts-queue",
            "kms_data_key_reuse_period_seconds": 300,
            "kms_master_key_id": "",
            "max_message_size": 262144,
            "message_retention_seconds": 345600,
            "name": "anya-test-enriched-alerts-queue",
            "name_prefix": "",
            "policy": "{\"Statement\":[{\"Action\":\"sqs:SendMessage\",\"Condition\":{\"ArnEquals\":{\"aws:SourceArn\":\"arn:aws:sns:eu-west-1:707186164241:cloudwatch-to-pagerduty-prod\"}},\"Effect\":\"Allow\",\"Principal\":{\"Service\":\"sns.amazonaws.com\"},\"Resource\":\"arn:aws:sqs:eu-west-1:707186164241:anya-test-enriched-alerts-queue\"}],\"Version\":\"2012-10-17\"}",
            "receive_wait_time_seconds": 0,
            "redrive_allow_policy": "",
            "redrive_policy": "{\"deadLetterTargetArn\":\"arn:aws:sqs:eu-west-1:707186164241:anya-test-enriched-alerts-queue-dead-letter\",\"maxReceiveCount\":5}",
            "sqs_managed_sse_enabled": true,
            "tags": {},
            "tags_all": {},
            "url": "https://sqs.eu-west-1.amazonaws.com/707186164241/anya-test-enriched-alerts-queue",
            "visibility_timeout_seconds": 300
          },
          "sensitive_attributes": [],
          "private": "bnVsbA=="
        }
      ]
    },
    {
      "mode": "managed",
      "type": "aws_sqs_queue_policy",
      "name": "enriched_alerts_queue_policy",
      "provider": "provider[\"registry.terraform.io/hashicorp/aws\"]",
      "instances": [
        {
          "schema_version": 1,
          "attributes": {
            "id": "https://sqs.eu-west-1.amazonaws.com/707186164241/anya-test-enriched-alerts-queue",
            "policy": "{\"Statement\":[{\"Action\":[\"sqs:SendMessage\"],\"Condition\":{\"ArnEquals\":{\"aws:SourceArn\":\"arn:aws:sns:eu-west-1:707186164241:cloudwatch-to-pagerduty-prod\"}},\"Effect\":\"Allow\",\"Principal\":{\"Service\":\"sns.amazonaws.com\"},\"Resource\":[\"arn:aws:sqs:eu-west-1:707186164241:anya-test-enriched-alerts-queue\"]}],\"Version\":\"2012-10-17\"}",
            "queue_url": "https://sqs.eu-west-1.amazonaws.com/707186164241/anya-test-enriched-alerts-queue"
          },
          "sensitive_attributes": [],
          "private": "eyJzY2hlbWFfdmVyc2lvbiI6IjEifQ==",
          "dependencies": [
            "aws_sqs_queue.enriched_alerts_queue"
          ]
        }
      ]
    },
    {
      "mode": "managed",
      "type": "aws_sqs_queue_redrive_policy",
      "name": "enriched_alerts_dl_policy",
      "provider": "provider[\"registry.terraform.io/hashicorp/aws\"]",
      "instances": [
        {
          "schema_version": 0,
          "attributes": {
            "id": "https://sqs.eu-west-1.amazonaws.com/707186164241/anya-test-enriched-alerts-queue",
            "queue_url": "https://sqs.eu-west-1.amazonaws.com/707186164241/anya-test-enriched-alerts-queue",
            "redrive_policy": "{\"deadLetterTargetArn\":\"arn:aws:sqs:eu-west-1:707186164241:anya-test-enriched-alerts-queue-dead-letter\",\"maxReceiveCount\":5}"
          },
          "sensitive_attributes": [],
          "private": "bnVsbA==",
          "dependencies": [
            "aws_sqs_queue.enriched_alerts_dl_queue",
            "aws_sqs_queue.enriched_alerts_queue"
          ]
        }
      ]
    }
  ],
  "check_results": null
}
